// !$*UTF8*$!
{
	archiveVersion = 1;
	classes = {
	};
	objectVersion = 77;
	objects = {

/* Begin PBXBuildFile section */
		131E552CACD1555CAB29B302 /* API.swift in Sources */ = {isa = PBXBuildFile; fileRef = 5F84D63A775112521BC142FF /* API.swift */; };
		157D7066038617885C73CC78 /* Models.swift in Sources */ = {isa = PBXBuildFile; fileRef = A45E9950762E05C10063C0FA /* Models.swift */; };
		1EA1A359C55C79F14EB9CBB9 /* SignatureView.swift in Sources */ = {isa = PBXBuildFile; fileRef = 8B95BC4C0A62E193FB751106 /* SignatureView.swift */; };
		22116E211BB58B574986BB54 /* LoginView.swift in Sources */ = {isa = PBXBuildFile; fileRef = BB6E49A47F773D16D1F5C4D5 /* LoginView.swift */; };
		226C0D53F43A3A178BBD87D0 /* StaffScreens.swift in Sources */ = {isa = PBXBuildFile; fileRef = C8F264EC1E57F16407D34C17 /* StaffScreens.swift */; };
		23BBF8ACEA6E34311CE59087 /* InspectionDetailView.swift in Sources */ = {isa = PBXBuildFile; fileRef = 4A4A2365B76E1A10AB7E0E58 /* InspectionDetailView.swift */; };
		35CDD827A5B7AD6251A3FF6D /* Offline.swift in Sources */ = {isa = PBXBuildFile; fileRef = 864DE8FF2066DD34197C9D5C /* Offline.swift */; };
		544F5622C9334CD3781C896B /* Pickers.swift in Sources */ = {isa = PBXBuildFile; fileRef = 7D3CF416569883A4D3F8C3A3 /* Pickers.swift */; };
		6F3B65F40F35763159B5C800 /* CheckApp.swift in Sources */ = {isa = PBXBuildFile; fileRef = 47A850641BF562C56DF800ED /* CheckApp.swift */; };
		70520B85244EFB61C18A740F /* HomeView.swift in Sources */ = {isa = PBXBuildFile; fileRef = B0DDAD85F4505B98170F9A96 /* HomeView.swift */; };
		9A81D06F880ADCE40C4CBA39 /* Localization.swift in Sources */ = {isa = PBXBuildFile; fileRef = 2E66CF32C9989C9D04E6C11E /* Localization.swift */; };
		A71FC21C3862D193DA7ED8A7 /* Theme.swift in Sources */ = {isa = PBXBuildFile; fileRef = FDD95D7A31756356A08E0E28 /* Theme.swift */; };
/* End PBXBuildFile section */

/* Begin PBXFileReference section */
		2E66CF32C9989C9D04E6C11E /* Localization.swift */ = {isa = PBXFileReference; lastKnownFileType = sourcecode.swift; path = Localization.swift; sourceTree = "<group>"; };
		2E82A043D59549F84B2632DF /* CheckInspections.app */ = {isa = PBXFileReference; explicitFileType = wrapper.application; includeInIndex = 0; path = CheckInspections.app; sourceTree = BUILT_PRODUCTS_DIR; };
		47A850641BF562C56DF800ED /* CheckApp.swift */ = {isa = PBXFileReference; lastKnownFileType = sourcecode.swift; path = CheckApp.swift; sourceTree = "<group>"; };
		4A4A2365B76E1A10AB7E0E58 /* InspectionDetailView.swift */ = {isa = PBXFileReference; lastKnownFileType = sourcecode.swift; path = InspectionDetailView.swift; sourceTree = "<group>"; };
		5F84D63A775112521BC142FF /* API.swift */ = {isa = PBXFileReference; lastKnownFileType = sourcecode.swift; path = API.swift; sourceTree = "<group>"; };
		7D3CF416569883A4D3F8C3A3 /* Pickers.swift */ = {isa = PBXFileReference; lastKnownFileType = sourcecode.swift; path = Pickers.swift; sourceTree = "<group>"; };
		864DE8FF2066DD34197C9D5C /* Offline.swift */ = {isa = PBXFileReference; lastKnownFileType = sourcecode.swift; path = Offline.swift; sourceTree = "<group>"; };
		8B95BC4C0A62E193FB751106 /* SignatureView.swift */ = {isa = PBXFileReference; lastKnownFileType = sourcecode.swift; path = SignatureView.swift; sourceTree = "<group>"; };
		A45E9950762E05C10063C0FA /* Models.swift */ = {isa = PBXFileReference; lastKnownFileType = sourcecode.swift; path = Models.swift; sourceTree = "<group>"; };
		B0DDAD85F4505B98170F9A96 /* HomeView.swift */ = {isa = PBXFileReference; lastKnownFileType = sourcecode.swift; path = HomeView.swift; sourceTree = "<group>"; };
		BB6E49A47F773D16D1F5C4D5 /* LoginView.swift */ = {isa = PBXFileReference; lastKnownFileType = sourcecode.swift; path = LoginView.swift; sourceTree = "<group>"; };
		C8F264EC1E57F16407D34C17 /* StaffScreens.swift */ = {isa = PBXFileReference; lastKnownFileType = sourcecode.swift; path = StaffScreens.swift; sourceTree = "<group>"; };
		C984337481D70FCDF0486C3D /* Info.plist */ = {isa = PBXFileReference; lastKnownFileType = text.plist; path = Info.plist; sourceTree = "<group>"; };
		FDD95D7A31756356A08E0E28 /* Theme.swift */ = {isa = PBXFileReference; lastKnownFileType = sourcecode.swift; path = Theme.swift; sourceTree = "<group>"; };
/* End PBXFileReference section */

/* Begin PBXGroup section */
		398C488A95E22B9BCEE81171 = {
			isa = PBXGroup;
			children = (
				9FA7C42056CE580D0C44B701 /* Sources */,
				46109BD8F02016D8BA6CC0E5 /* Products */,
			);
			sourceTree = "<group>";
		};
		46109BD8F02016D8BA6CC0E5 /* Products */ = {
			isa = PBXGroup;
			children = (
				2E82A043D59549F84B2632DF /* CheckInspections.app */,
			);
			name = Products;
			sourceTree = "<group>";
		};
		9FA7C42056CE580D0C44B701 /* Sources */ = {
			isa = PBXGroup;
			children = (
				5F84D63A775112521BC142FF /* API.swift */,
				47A850641BF562C56DF800ED /* CheckApp.swift */,
				B0DDAD85F4505B98170F9A96 /* HomeView.swift */,
				C984337481D70FCDF0486C3D /* Info.plist */,
				4A4A2365B76E1A10AB7E0E58 /* InspectionDetailView.swift */,
				2E66CF32C9989C9D04E6C11E /* Localization.swift */,
				BB6E49A47F773D16D1F5C4D5 /* LoginView.swift */,
				A45E9950762E05C10063C0FA /* Models.swift */,
				864DE8FF2066DD34197C9D5C /* Offline.swift */,
				7D3CF416569883A4D3F8C3A3 /* Pickers.swift */,
				8B95BC4C0A62E193FB751106 /* SignatureView.swift */,
				C8F264EC1E57F16407D34C17 /* StaffScreens.swift */,
				FDD95D7A31756356A08E0E28 /* Theme.swift */,
			);
			path = Sources;
			sourceTree = "<group>";
		};
/* End PBXGroup section */

/* Begin PBXNativeTarget section */
		CC0C2180B3986699A1B870DD /* CheckInspections */ = {
			isa = PBXNativeTarget;
			buildConfigurationList = 3E2944035C669E94DFEFCF66 /* Build configuration list for PBXNativeTarget "CheckInspections" */;
			buildPhases = (
				94A5FD317EEEEB2D6E8CCC8B /* Sources */,
			);
			buildRules = (
			);
			dependencies = (
			);
			name = CheckInspections;
			packageProductDependencies = (
			);
			productName = CheckInspections;
			productReference = 2E82A043D59549F84B2632DF /* CheckInspections.app */;
			productType = "com.apple.product-type.application";
		};
/* End PBXNativeTarget section */

/* Begin PBXProject section */
		54AEA0E5476474C4578C0261 /* Project object */ = {
			isa = PBXProject;
			attributes = {
				BuildIndependentTargetsInParallel = YES;
				LastUpgradeCheck = 1430;
				TargetAttributes = {
					CC0C2180B3986699A1B870DD = {
						ProvisioningStyle = Automatic;
					};
				};
			};
			buildConfigurationList = 99707701158845B944C1F208 /* Build configuration list for PBXProject "CheckInspections" */;
			developmentRegion = en;
			hasScannedForEncodings = 0;
			knownRegions = (
				Base,
				en,
			);
			mainGroup = 398C488A95E22B9BCEE81171;
			minimizedProjectReferenceProxies = 1;
			preferredProjectObjectVersion = 77;
			productRefGroup = 46109BD8F02016D8BA6CC0E5 /* Products */;
			projectDirPath = "";
			projectRoot = "";
			targets = (
				CC0C2180B3986699A1B870DD /* CheckInspections */,
			);
		};
/* End PBXProject section */

/* Begin PBXSourcesBuildPhase section */
		94A5FD317EEEEB2D6E8CCC8B /* Sources */ = {
			isa = PBXSourcesBuildPhase;
			buildActionMask = 2147483647;
			files = (
				131E552CACD1555CAB29B302 /* API.swift in Sources */,
				6F3B65F40F35763159B5C800 /* CheckApp.swift in Sources */,
				70520B85244EFB61C18A740F /* HomeView.swift in Sources */,
				23BBF8ACEA6E34311CE59087 /* InspectionDetailView.swift in Sources */,
				9A81D06F880ADCE40C4CBA39 /* Localization.swift in Sources */,
				22116E211BB58B574986BB54 /* LoginView.swift in Sources */,
				157D7066038617885C73CC78 /* Models.swift in Sources */,
				35CDD827A5B7AD6251A3FF6D /* Offline.swift in Sources */,
				544F5622C9334CD3781C896B /* Pickers.swift in Sources */,
				1EA1A359C55C79F14EB9CBB9 /* SignatureView.swift in Sources */,
				226C0D53F43A3A178BBD87D0 /* StaffScreens.swift in Sources */,
				A71FC21C3862D193DA7ED8A7 /* Theme.swift in Sources */,
			);
			runOnlyForDeploymentPostprocessing = 0;
		};
/* End PBXSourcesBuildPhase section */

/* Begin XCBuildConfiguration section */
		26B46C2696BF3FD6423A1348 /* Debug */ = {
			isa = XCBuildConfiguration;
			buildSettings = {
				ALWAYS_SEARCH_USER_PATHS = NO;
				CLANG_ANALYZER_NONNULL = YES;
				CLANG_ANALYZER_NUMBER_OBJECT_CONVERSION = YES_AGGRESSIVE;
				CLANG_CXX_LANGUAGE_STANDARD = "gnu++14";
				CLANG_CXX_LIBRARY = "libc++";
				CLANG_ENABLE_MODULES = YES;
				CLANG_ENABLE_OBJC_ARC = YES;
				CLANG_ENABLE_OBJC_WEAK = YES;
				CLANG_WARN_BLOCK_CAPTURE_AUTORELEASING = YES;
				CLANG_WARN_BOOL_CONVERSION = YES;
				CLANG_WARN_COMMA = YES;
				CLANG_WARN_CONSTANT_CONVERSION = YES;
				CLANG_WARN_DEPRECATED_OBJC_IMPLEMENTATIONS = YES;
				CLANG_WARN_DIRECT_OBJC_ISA_USAGE = YES_ERROR;
				CLANG_WARN_DOCUMENTATION_COMMENTS = YES;
				CLANG_WARN_EMPTY_BODY = YES;
				CLANG_WARN_ENUM_CONVERSION = YES;
				CLANG_WARN_INFINITE_RECURSION = YES;
				CLANG_WARN_INT_CONVERSION = YES;
				CLANG_WARN_NON_LITERAL_NULL_CONVERSION = YES;
				CLANG_WARN_OBJC_IMPLICIT_RETAIN_SELF = YES;
				CLANG_WARN_OBJC_LITERAL_CONVERSION = YES;
				CLANG_WARN_OBJC_ROOT_CLASS = YES_ERROR;
				CLANG_WARN_QUOTED_INCLUDE_IN_FRAMEWORK_HEADER = YES;
				CLANG_WARN_RANGE_LOOP_ANALYSIS = YES;
				CLANG_WARN_STRICT_PROTOTYPES = YES;
				CLANG_WARN_SUSPICIOUS_MOVE = YES;
				CLANG_WARN_UNGUARDED_AVAILABILITY = YES_AGGRESSIVE;
				CLANG_WARN_UNREACHABLE_CODE = YES;
				CLANG_WARN__DUPLICATE_METHOD_MATCH = YES;
				COPY_PHASE_STRIP = NO;
				CURRENT_PROJECT_VERSION = 1;
				DEBUG_INFORMATION_FORMAT = dwarf;
				ENABLE_STRICT_OBJC_MSGSEND = YES;
				ENABLE_TESTABILITY = YES;
				GCC_C_LANGUAGE_STANDARD = gnu11;
				GCC_DYNAMIC_NO_PIC = NO;
				GCC_NO_COMMON_BLOCKS = YES;
				GCC_OPTIMIZATION_LEVEL = 0;
				GCC_PREPROCESSOR_DEFINITIONS = (
					"$(inherited)",
					"DEBUG=1",
				);
				GCC_WARN_64_TO_32_BIT_CONVERSION = YES;
				GCC_WARN_ABOUT_RETURN_TYPE = YES_ERROR;
				GCC_WARN_UNDECLARED_SELECTOR = YES;
				GCC_WARN_UNINITIALIZED_AUTOS = YES_AGGRESSIVE;
				GCC_WARN_UNUSED_FUNCTION = YES;
				GCC_WARN_UNUSED_VARIABLE = YES;
				GENERATE_INFOPLIST_FILE = NO;
				IPHONEOS_DEPLOYMENT_TARGET = 17.0;
				MARKETING_VERSION = 0.1.0;
				MTL_ENABLE_DEBUG_INFO = INCLUDE_SOURCE;
				MTL_FAST_MATH = YES;
				ONLY_ACTIVE_ARCH = YES;
				PRODUCT_NAME = "$(TARGET_NAME)";
				SDKROOT = iphoneos;
				SWIFT_ACTIVE_COMPILATION_CONDITIONS = DEBUG;
				SWIFT_OPTIMIZATION_LEVEL = "-Onone";
				SWIFT_VERSION = 5.0;
			};
			name = Debug;
		};
		30B6B2B343F79B1A647FA8AD /* Release */ = {
			isa = XCBuildConfiguration;
			buildSettings = {
				ALWAYS_SEARCH_USER_PATHS = NO;
				CLANG_ANALYZER_NONNULL = YES;
				CLANG_ANALYZER_NUMBER_OBJECT_CONVERSION = YES_AGGRESSIVE;
				CLANG_CXX_LANGUAGE_STANDARD = "gnu++14";
				CLANG_CXX_LIBRARY = "libc++";
				CLANG_ENABLE_MODULES = YES;
				CLANG_ENABLE_OBJC_ARC = YES;
				CLANG_ENABLE_OBJC_WEAK = YES;
				CLANG_WARN_BLOCK_CAPTURE_AUTORELEASING = YES;
				CLANG_WARN_BOOL_CONVERSION = YES;
				CLANG_WARN_COMMA = YES;
				CLANG_WARN_CONSTANT_CONVERSION = YES;
				CLANG_WARN_DEPRECATED_OBJC_IMPLEMENTATIONS = YES;
				CLANG_WARN_DIRECT_OBJC_ISA_USAGE = YES_ERROR;
				CLANG_WARN_DOCUMENTATION_COMMENTS = YES;
				CLANG_WARN_EMPTY_BODY = YES;
				CLANG_WARN_ENUM_CONVERSION = YES;
				CLANG_WARN_INFINITE_RECURSION = YES;
				CLANG_WARN_INT_CONVERSION = YES;
				CLANG_WARN_NON_LITERAL_NULL_CONVERSION = YES;
				CLANG_WARN_OBJC_IMPLICIT_RETAIN_SELF = YES;
				CLANG_WARN_OBJC_LITERAL_CONVERSION = YES;
				CLANG_WARN_OBJC_ROOT_CLASS = YES_ERROR;
				CLANG_WARN_QUOTED_INCLUDE_IN_FRAMEWORK_HEADER = YES;
				CLANG_WARN_RANGE_LOOP_ANALYSIS = YES;
				CLANG_WARN_STRICT_PROTOTYPES = YES;
				CLANG_WARN_SUSPICIOUS_MOVE = YES;
				CLANG_WARN_UNGUARDED_AVAILABILITY = YES_AGGRESSIVE;
				CLANG_WARN_UNREACHABLE_CODE = YES;
				CLANG_WARN__DUPLICATE_METHOD_MATCH = YES;
				COPY_PHASE_STRIP = NO;
				CURRENT_PROJECT_VERSION = 1;
				DEBUG_INFORMATION_FORMAT = "dwarf-with-dsym";
				ENABLE_NS_ASSERTIONS = NO;
				ENABLE_STRICT_OBJC_MSGSEND = YES;
				GCC_C_LANGUAGE_STANDARD = gnu11;
				GCC_NO_COMMON_BLOCKS = YES;
				GCC_WARN_64_TO_32_BIT_CONVERSION = YES;
				GCC_WARN_ABOUT_RETURN_TYPE = YES_ERROR;
				GCC_WARN_UNDECLARED_SELECTOR = YES;
				GCC_WARN_UNINITIALIZED_AUTOS = YES_AGGRESSIVE;
				GCC_WARN_UNUSED_FUNCTION = YES;
				GCC_WARN_UNUSED_VARIABLE = YES;
				GENERATE_INFOPLIST_FILE = NO;
				IPHONEOS_DEPLOYMENT_TARGET = 17.0;
				MARKETING_VERSION = 0.1.0;
				MTL_ENABLE_DEBUG_INFO = NO;
				MTL_FAST_MATH = YES;
				PRODUCT_NAME = "$(TARGET_NAME)";
				SDKROOT = iphoneos;
				SWIFT_COMPILATION_MODE = wholemodule;
				SWIFT_OPTIMIZATION_LEVEL = "-O";
				SWIFT_VERSION = 5.0;
			};
			name = Release;
		};
		4C68D5EFE199C53A5710C2E0 /* Debug */ = {
			isa = XCBuildConfiguration;
			buildSettings = {
				ASSETCATALOG_COMPILER_APPICON_NAME = AppIcon;
				CODE_SIGN_IDENTITY = "iPhone Developer";
				CODE_SIGN_STYLE = Automatic;
				DEVELOPMENT_TEAM = 5EF696967G;
				INFOPLIST_FILE = Sources/Info.plist;
				LD_RUNPATH_SEARCH_PATHS = (
					"$(inherited)",
					"@executable_path/Frameworks",
				);
				PRODUCT_BUNDLE_IDENTIFIER = test.check.inspections;
				SDKROOT = iphoneos;
				TARGETED_DEVICE_FAMILY = 1;
			};
			name = Debug;
		};
		9C72C7C413CB211D0C116073 /* Release */ = {
			isa = XCBuildConfiguration;
			buildSettings = {
				ASSETCATALOG_COMPILER_APPICON_NAME = AppIcon;
				CODE_SIGN_IDENTITY = "iPhone Developer";
				CODE_SIGN_STYLE = Automatic;
				DEVELOPMENT_TEAM = 5EF696967G;
				INFOPLIST_FILE = Sources/Info.plist;
				LD_RUNPATH_SEARCH_PATHS = (
					"$(inherited)",
					"@executable_path/Frameworks",
				);
				PRODUCT_BUNDLE_IDENTIFIER = test.check.inspections;
				SDKROOT = iphoneos;
				TARGETED_DEVICE_FAMILY = 1;
			};
			name = Release;
		};
/* End XCBuildConfiguration section */

/* Begin XCConfigurationList section */
		3E2944035C669E94DFEFCF66 /* Build configuration list for PBXNativeTarget "CheckInspections" */ = {
			isa = XCConfigurationList;
			buildConfigurations = (
				4C68D5EFE199C53A5710C2E0 /* Debug */,
				9C72C7C413CB211D0C116073 /* Release */,
			);
			defaultConfigurationIsVisible = 0;
			defaultConfigurationName = Debug;
		};
		99707701158845B944C1F208 /* Build configuration list for PBXProject "CheckInspections" */ = {
			isa = XCConfigurationList;
			buildConfigurations = (
				26B46C2696BF3FD6423A1348 /* Debug */,
				30B6B2B343F79B1A647FA8AD /* Release */,
			);
			defaultConfigurationIsVisible = 0;
			defaultConfigurationName = Debug;
		};
/* End XCConfigurationList section */
	};
	rootObject = 54AEA0E5476474C4578C0261 /* Project object */;
}
